
Microsoft Visual Studio Solution File, Format Version 12.00
# Visual Studio Version 17
VisualStudioVersion = 17.0.31903.59
MinimumVisualStudioVersion = 10.0.40219.1
Project("{FAE04EC0-301F-11D3-BF4B-00C04F79EFBC}") = "WebAPI.Authen", "WebAPI.Authen\WebAPI.Authen.csproj", "{0F8E2CBA-0CA5-4E95-BBAC-9FCBDDFCFB19}"
EndProject
Project("{FAE04EC0-301F-11D3-BF4B-00C04F79EFBC}") = "OcelotGateway", "OcelotGateway\OcelotGateway.csproj", "{2DCC5A78-E9EE-420A-ACE4-3688EF59E49C}"
EndProject
Global
	GlobalSection(SolutionConfigurationPlatforms) = preSolution
		Debug|Any CPU = Debug|Any CPU
		Release|Any CPU = Release|Any CPU
	EndGlobalSection
	GlobalSection(SolutionProperties) = preSolution
		HideSolutionNode = FALSE
	EndGlobalSection
	GlobalSection(ProjectConfigurationPlatforms) = postSolution
		{0F8E2CBA-0CA5-4E95-BBAC-9FCBDDFCFB19}.Debug|Any CPU.ActiveCfg = Debug|Any CPU
		{0F8E2CBA-0CA5-4E95-BBAC-9FCBDDFCFB19}.Debug|Any CPU.Build.0 = Debug|Any CPU
		{0F8E2CBA-0CA5-4E95-BBAC-9FCBDDFCFB19}.Release|Any CPU.ActiveCfg = Release|Any CPU
		{0F8E2CBA-0CA5-4E95-BBAC-9FCBDDFCFB19}.Release|Any CPU.Build.0 = Release|Any CPU
		{2DCC5A78-E9EE-420A-ACE4-3688EF59E49C}.Debug|Any CPU.ActiveCfg = Debug|Any CPU
		{2DCC5A78-E9EE-420A-ACE4-3688EF59E49C}.Debug|Any CPU.Build.0 = Debug|Any CPU
		{2DCC5A78-E9EE-420A-ACE4-3688EF59E49C}.Release|Any CPU.ActiveCfg = Release|Any CPU
		{2DCC5A78-E9EE-420A-ACE4-3688EF59E49C}.Release|Any CPU.Build.0 = Release|Any CPU
	EndGlobalSection
EndGlobal
